
Microsoft Visual Studio Solution File, Format Version 12.00
# Visual Studio Version 16
VisualStudioVersion = 16.0.30804.86
MinimumVisualStudioVersion = 10.0.40219.1
Project("{6EC3EE1D-3C4E-46DD-8F32-0CC8E7565705}") = "MagicBox", "MagicBox.fsproj", "{76914E93-5528-44BF-BD1B-4FC1ADB23298}"
EndProject
Project("{6EC3EE1D-3C4E-46DD-8F32-0CC8E7565705}") = "MagicBoxTests", "..\MagicBoxTests\MagicBoxTests.fsproj", "{1A694218-5D35-4C7C-8D0D-9814F05CCA83}"
EndProject
Project("{9A19103F-16F7-4668-BE54-9A1E7A4F7556}") = "MagicBoxResearch", "..\MagicBoxResearch\MagicBoxResearch.csproj", "{6201BE54-8F98-4F83-B6CC-C10813A7DC56}"
EndProject
Project("{F2A71F9B-5D33-465A-A702-920D77279786}") = "ScratchPad", "..\ScratchPad\ScratchPad.fsproj", "{BEF0EFB1-F06B-4669-BBE2-E17F30876EC2}"
EndProject
Global
	GlobalSection(SolutionConfigurationPlatforms) = preSolution
		Debug|Any CPU = Debug|Any CPU
		Release|Any CPU = Release|Any CPU
	EndGlobalSection
	GlobalSection(ProjectConfigurationPlatforms) = postSolution
		{76914E93-5528-44BF-BD1B-4FC1ADB23298}.Debug|Any CPU.ActiveCfg = Debug|Any CPU
		{76914E93-5528-44BF-BD1B-4FC1ADB23298}.Debug|Any CPU.Build.0 = Debug|Any CPU
		{76914E93-5528-44BF-BD1B-4FC1ADB23298}.Release|Any CPU.ActiveCfg = Release|Any CPU
		{76914E93-5528-44BF-BD1B-4FC1ADB23298}.Release|Any CPU.Build.0 = Release|Any CPU
		{1A694218-5D35-4C7C-8D0D-9814F05CCA83}.Debug|Any CPU.ActiveCfg = Debug|Any CPU
		{1A694218-5D35-4C7C-8D0D-9814F05CCA83}.Debug|Any CPU.Build.0 = Debug|Any CPU
		{1A694218-5D35-4C7C-8D0D-9814F05CCA83}.Release|Any CPU.ActiveCfg = Release|Any CPU
		{1A694218-5D35-4C7C-8D0D-9814F05CCA83}.Release|Any CPU.Build.0 = Release|Any CPU
		{6201BE54-8F98-4F83-B6CC-C10813A7DC56}.Debug|Any CPU.ActiveCfg = Debug|Any CPU
		{6201BE54-8F98-4F83-B6CC-C10813A7DC56}.Debug|Any CPU.Build.0 = Debug|Any CPU
		{6201BE54-8F98-4F83-B6CC-C10813A7DC56}.Release|Any CPU.ActiveCfg = Release|Any CPU
		{6201BE54-8F98-4F83-B6CC-C10813A7DC56}.Release|Any CPU.Build.0 = Release|Any CPU
		{BEF0EFB1-F06B-4669-BBE2-E17F30876EC2}.Debug|Any CPU.ActiveCfg = Debug|Any CPU
		{BEF0EFB1-F06B-4669-BBE2-E17F30876EC2}.Debug|Any CPU.Build.0 = Debug|Any CPU
		{BEF0EFB1-F06B-4669-BBE2-E17F30876EC2}.Release|Any CPU.ActiveCfg = Release|Any CPU
		{BEF0EFB1-F06B-4669-BBE2-E17F30876EC2}.Release|Any CPU.Build.0 = Release|Any CPU
	EndGlobalSection
	GlobalSection(SolutionProperties) = preSolution
		HideSolutionNode = FALSE
	EndGlobalSection
	GlobalSection(ExtensibilityGlobals) = postSolution
		SolutionGuid = {E32D07F3-E29F-465A-8154-B7CE50655C6C}
	EndGlobalSection
EndGlobal
