
Microsoft Visual Studio Solution File, Format Version 12.00
# Visual Studio Version 16
VisualStudioVersion = 16.0.30804.86
MinimumVisualStudioVersion = 10.0.40219.1
Project("{F2A71F9B-5D33-465A-A702-920D77279786}") = "MagicBox", "MagicBox.fsproj", "{76914E93-5528-44BF-BD1B-4FC1ADB23298}"
EndProject
Global
	GlobalSection(SolutionConfigurationPlatforms) = preSolution
		Debug|Any CPU = Debug|Any CPU
		Release|Any CPU = Release|Any CPU
	EndGlobalSection
	GlobalSection(ProjectConfigurationPlatforms) = postSolution
		{76914E93-5528-44BF-BD1B-4FC1ADB23298}.Debug|Any CPU.ActiveCfg = Debug|Any CPU
		{76914E93-5528-44BF-BD1B-4FC1ADB23298}.Debug|Any CPU.Build.0 = Debug|Any CPU
		{76914E93-5528-44BF-BD1B-4FC1ADB23298}.Release|Any CPU.ActiveCfg = Release|Any CPU
		{76914E93-5528-44BF-BD1B-4FC1ADB23298}.Release|Any CPU.Build.0 = Release|Any CPU
	EndGlobalSection
	GlobalSection(SolutionProperties) = preSolution
		HideSolutionNode = FALSE
	EndGlobalSection
	GlobalSection(ExtensibilityGlobals) = postSolution
		SolutionGuid = {E32D07F3-E29F-465A-8154-B7CE50655C6C}
	EndGlobalSection
EndGlobal
